// !$*UTF8*$!
{
	archiveVersion = 1;
	classes = {
	};
	objectVersion = 46;
	objects = {

/* Begin PBXBuildFile section */
		D325E8D91B630C1D00B7E76D /* DetailViewController.m in Sources */ = {isa = PBXBuildFile; fileRef = D325E8D71B630C1D00B7E76D /* DetailViewController.m */; };
		D325E8DA1B630C1D00B7E76D /* DetailViewController.xib in Resources */ = {isa = PBXBuildFile; fileRef = D325E8D81B630C1D00B7E76D /* DetailViewController.xib */; };
		D325E8DC1B630F1600B7E76D /* deleteLogo.png in Resources */ = {isa = PBXBuildFile; fileRef = D325E8DB1B630F1600B7E76D /* deleteLogo.png */; };
		D3416A751B6822C8000DA1E2 /* imageLogo.png in Resources */ = {isa = PBXBuildFile; fileRef = D3416A741B6822C8000DA1E2 /* imageLogo.png */; };
		D3416A771B6827A2000DA1E2 /* cancelLogo.png in Resources */ = {isa = PBXBuildFile; fileRef = D3416A761B6827A2000DA1E2 /* cancelLogo.png */; };
		D3416A791B68477D000DA1E2 /* launchScreenImage.png in Resources */ = {isa = PBXBuildFile; fileRef = D3416A781B68477D000DA1E2 /* launchScreenImage.png */; };
		D3416A7B1B6849EF000DA1E2 /* reviewsLogo.png in Resources */ = {isa = PBXBuildFile; fileRef = D3416A7A1B6849EF000DA1E2 /* reviewsLogo.png */; };
		D3416A7D1B684ADC000DA1E2 /* searchLogo.png in Resources */ = {isa = PBXBuildFile; fileRef = D3416A7C1B684ADC000DA1E2 /* searchLogo.png */; };
		D34DA9F51B619203004228C0 /* Bolts.framework in Frameworks */ = {isa = PBXBuildFile; fileRef = D34DA9F31B619203004228C0 /* Bolts.framework */; };
		D34DA9F61B619203004228C0 /* Parse.framework in Frameworks */ = {isa = PBXBuildFile; fileRef = D34DA9F41B619203004228C0 /* Parse.framework */; };
		D34DA9F81B619254004228C0 /* AudioToolbox.framework in Frameworks */ = {isa = PBXBuildFile; fileRef = D34DA9F71B619254004228C0 /* AudioToolbox.framework */; };
		D34DA9FA1B619259004228C0 /* CFNetwork.framework in Frameworks */ = {isa = PBXBuildFile; fileRef = D34DA9F91B619259004228C0 /* CFNetwork.framework */; };
		D34DA9FC1B619262004228C0 /* CoreGraphics.framework in Frameworks */ = {isa = PBXBuildFile; fileRef = D34DA9FB1B619262004228C0 /* CoreGraphics.framework */; };
		D34DA9FE1B619269004228C0 /* CoreLocation.framework in Frameworks */ = {isa = PBXBuildFile; fileRef = D34DA9FD1B619269004228C0 /* CoreLocation.framework */; };
		D34DAA001B61927D004228C0 /* QuartzCore.framework in Frameworks */ = {isa = PBXBuildFile; fileRef = D34DA9FF1B61927D004228C0 /* QuartzCore.framework */; };
		D34DAA021B619288004228C0 /* Security.framework in Frameworks */ = {isa = PBXBuildFile; fileRef = D34DAA011B619288004228C0 /* Security.framework */; };
		D34DAA041B619295004228C0 /* StoreKit.framework in Frameworks */ = {isa = PBXBuildFile; fileRef = D34DAA031B619295004228C0 /* StoreKit.framework */; };
		D34DAA061B6192A0004228C0 /* SystemConfiguration.framework in Frameworks */ = {isa = PBXBuildFile; fileRef = D34DAA051B6192A0004228C0 /* SystemConfiguration.framework */; };
		D34DAA081B6192C3004228C0 /* libz.dylib in Frameworks */ = {isa = PBXBuildFile; fileRef = D34DAA071B6192C3004228C0 /* libz.dylib */; };
		D34DAA0A1B6192D6004228C0 /* libsqlite3.dylib in Frameworks */ = {isa = PBXBuildFile; fileRef = D34DAA091B6192D6004228C0 /* libsqlite3.dylib */; };
		D34DAA0C1B61940A004228C0 /* Accounts.framework in Frameworks */ = {isa = PBXBuildFile; fileRef = D34DAA0B1B61940A004228C0 /* Accounts.framework */; };
		D34DAA0E1B619411004228C0 /* Social.framework in Frameworks */ = {isa = PBXBuildFile; fileRef = D34DAA0D1B619411004228C0 /* Social.framework */; };
		D34DAA101B6194C1004228C0 /* ParseUI.framework in Frameworks */ = {isa = PBXBuildFile; fileRef = D34DAA0F1B6194C1004228C0 /* ParseUI.framework */; };
		D35ACF8E1B6288C600C80191 /* SearchViewController.m in Sources */ = {isa = PBXBuildFile; fileRef = D35ACF8D1B6288C600C80191 /* SearchViewController.m */; };
		D35ACF911B62917800C80191 /* ReviewsTableViewController.m in Sources */ = {isa = PBXBuildFile; fileRef = D35ACF901B62917800C80191 /* ReviewsTableViewController.m */; };
		D35ACF9B1B62AA0C00C80191 /* ReviewTableViewCell.m in Sources */ = {isa = PBXBuildFile; fileRef = D35ACF991B62AA0C00C80191 /* ReviewTableViewCell.m */; };
		D35ACF9C1B62AA0C00C80191 /* ReviewTableViewCell.xib in Resources */ = {isa = PBXBuildFile; fileRef = D35ACF9A1B62AA0C00C80191 /* ReviewTableViewCell.xib */; };
		D35ACFA01B62CCBA00C80191 /* ComposeViewController.m in Sources */ = {isa = PBXBuildFile; fileRef = D35ACF9E1B62CCBA00C80191 /* ComposeViewController.m */; };
		D35ACFA11B62CCBA00C80191 /* ComposeViewController.xib in Resources */ = {isa = PBXBuildFile; fileRef = D35ACF9F1B62CCBA00C80191 /* ComposeViewController.xib */; };
		D35E23351B6171AF0068E17C /* main.m in Sources */ = {isa = PBXBuildFile; fileRef = D35E23341B6171AF0068E17C /* main.m */; };
		D35E23381B6171AF0068E17C /* AppDelegate.m in Sources */ = {isa = PBXBuildFile; fileRef = D35E23371B6171AF0068E17C /* AppDelegate.m */; };
		D35E233E1B6171AF0068E17C /* Main.storyboard in Resources */ = {isa = PBXBuildFile; fileRef = D35E233C1B6171AF0068E17C /* Main.storyboard */; };
		D35E23401B6171AF0068E17C /* Images.xcassets in Resources */ = {isa = PBXBuildFile; fileRef = D35E233F1B6171AF0068E17C /* Images.xcassets */; };
		D35E23431B6171AF0068E17C /* LaunchScreen.xib in Resources */ = {isa = PBXBuildFile; fileRef = D35E23411B6171AF0068E17C /* LaunchScreen.xib */; };
		D35E234F1B6171AF0068E17C /* Reviews_AppTests.m in Sources */ = {isa = PBXBuildFile; fileRef = D35E234E1B6171AF0068E17C /* Reviews_AppTests.m */; };
		D35E235A1B617D080068E17C /* LoginViewController.m in Sources */ = {isa = PBXBuildFile; fileRef = D35E23591B617D080068E17C /* LoginViewController.m */; };
		D37551411B61B03E006F4B5D /* SignupViewController.m in Sources */ = {isa = PBXBuildFile; fileRef = D37551401B61B03E006F4B5D /* SignupViewController.m */; };
		D37551431B61C5A9006F4B5D /* defaultUserImage.png in Resources */ = {isa = PBXBuildFile; fileRef = D37551421B61C5A9006F4B5D /* defaultUserImage.png */; };
		D37551471B61CDF8006F4B5D /* homePageIcon.png in Resources */ = {isa = PBXBuildFile; fileRef = D37551461B61CDF8006F4B5D /* homePageIcon.png */; };
		D375514B1B61D231006F4B5D /* settingsLogo.png in Resources */ = {isa = PBXBuildFile; fileRef = D375514A1B61D231006F4B5D /* settingsLogo.png */; };
		D375514E1B61D2AF006F4B5D /* HomePageViewController.m in Sources */ = {isa = PBXBuildFile; fileRef = D375514D1B61D2AF006F4B5D /* HomePageViewController.m */; };
/* End PBXBuildFile section */

/* Begin PBXContainerItemProxy section */
		D35E23491B6171AF0068E17C /* PBXContainerItemProxy */ = {
			isa = PBXContainerItemProxy;
			containerPortal = D35E23271B6171AF0068E17C /* Project object */;
			proxyType = 1;
			remoteGlobalIDString = D35E232E1B6171AF0068E17C;
			remoteInfo = "Reviews App";
		};
/* End PBXContainerItemProxy section */

/* Begin PBXFileReference section */
		D325E8D61B630C1D00B7E76D /* DetailViewController.h */ = {isa = PBXFileReference; fileEncoding = 4; lastKnownFileType = sourcecode.c.h; path = DetailViewController.h; sourceTree = "<group>"; };
		D325E8D71B630C1D00B7E76D /* DetailViewController.m */ = {isa = PBXFileReference; fileEncoding = 4; lastKnownFileType = sourcecode.c.objc; path = DetailViewController.m; sourceTree = "<group>"; };
		D325E8D81B630C1D00B7E76D /* DetailViewController.xib */ = {isa = PBXFileReference; fileEncoding = 4; lastKnownFileType = file.xib; path = DetailViewController.xib; sourceTree = "<group>"; };
		D325E8DB1B630F1600B7E76D /* deleteLogo.png */ = {isa = PBXFileReference; lastKnownFileType = image.png; path = deleteLogo.png; sourceTree = "<group>"; };
		D3416A741B6822C8000DA1E2 /* imageLogo.png */ = {isa = PBXFileReference; lastKnownFileType = image.png; path = imageLogo.png; sourceTree = "<group>"; };
		D3416A761B6827A2000DA1E2 /* cancelLogo.png */ = {isa = PBXFileReference; lastKnownFileType = image.png; path = cancelLogo.png; sourceTree = "<group>"; };
		D3416A781B68477D000DA1E2 /* launchScreenImage.png */ = {isa = PBXFileReference; lastKnownFileType = image.png; path = launchScreenImage.png; sourceTree = "<group>"; };
		D3416A7A1B6849EF000DA1E2 /* reviewsLogo.png */ = {isa = PBXFileReference; lastKnownFileType = image.png; path = reviewsLogo.png; sourceTree = "<group>"; };
		D3416A7C1B684ADC000DA1E2 /* searchLogo.png */ = {isa = PBXFileReference; lastKnownFileType = image.png; path = searchLogo.png; sourceTree = "<group>"; };
		D34DA9F31B619203004228C0 /* Bolts.framework */ = {isa = PBXFileReference; lastKnownFileType = wrapper.framework; path = Bolts.framework; sourceTree = "<group>"; };
		D34DA9F41B619203004228C0 /* Parse.framework */ = {isa = PBXFileReference; lastKnownFileType = wrapper.framework; path = Parse.framework; sourceTree = "<group>"; };
		D34DA9F71B619254004228C0 /* AudioToolbox.framework */ = {isa = PBXFileReference; lastKnownFileType = wrapper.framework; name = AudioToolbox.framework; path = System/Library/Frameworks/AudioToolbox.framework; sourceTree = SDKROOT; };
		D34DA9F91B619259004228C0 /* CFNetwork.framework */ = {isa = PBXFileReference; lastKnownFileType = wrapper.framework; name = CFNetwork.framework; path = System/Library/Frameworks/CFNetwork.framework; sourceTree = SDKROOT; };
		D34DA9FB1B619262004228C0 /* CoreGraphics.framework */ = {isa = PBXFileReference; lastKnownFileType = wrapper.framework; name = CoreGraphics.framework; path = System/Library/Frameworks/CoreGraphics.framework; sourceTree = SDKROOT; };
		D34DA9FD1B619269004228C0 /* CoreLocation.framework */ = {isa = PBXFileReference; lastKnownFileType = wrapper.framework; name = CoreLocation.framework; path = System/Library/Frameworks/CoreLocation.framework; sourceTree = SDKROOT; };
		D34DA9FF1B61927D004228C0 /* QuartzCore.framework */ = {isa = PBXFileReference; lastKnownFileType = wrapper.framework; name = QuartzCore.framework; path = System/Library/Frameworks/QuartzCore.framework; sourceTree = SDKROOT; };
		D34DAA011B619288004228C0 /* Security.framework */ = {isa = PBXFileReference; lastKnownFileType = wrapper.framework; name = Security.framework; path = System/Library/Frameworks/Security.framework; sourceTree = SDKROOT; };
		D34DAA031B619295004228C0 /* StoreKit.framework */ = {isa = PBXFileReference; lastKnownFileType = wrapper.framework; name = StoreKit.framework; path = System/Library/Frameworks/StoreKit.framework; sourceTree = SDKROOT; };
		D34DAA051B6192A0004228C0 /* SystemConfiguration.framework */ = {isa = PBXFileReference; lastKnownFileType = wrapper.framework; name = SystemConfiguration.framework; path = System/Library/Frameworks/SystemConfiguration.framework; sourceTree = SDKROOT; };
		D34DAA071B6192C3004228C0 /* libz.dylib */ = {isa = PBXFileReference; lastKnownFileType = "compiled.mach-o.dylib"; name = libz.dylib; path = usr/lib/libz.dylib; sourceTree = SDKROOT; };
		D34DAA091B6192D6004228C0 /* libsqlite3.dylib */ = {isa = PBXFileReference; lastKnownFileType = "compiled.mach-o.dylib"; name = libsqlite3.dylib; path = usr/lib/libsqlite3.dylib; sourceTree = SDKROOT; };
		D34DAA0B1B61940A004228C0 /* Accounts.framework */ = {isa = PBXFileReference; lastKnownFileType = wrapper.framework; name = Accounts.framework; path = System/Library/Frameworks/Accounts.framework; sourceTree = SDKROOT; };
		D34DAA0D1B619411004228C0 /* Social.framework */ = {isa = PBXFileReference; lastKnownFileType = wrapper.framework; name = Social.framework; path = System/Library/Frameworks/Social.framework; sourceTree = SDKROOT; };
		D34DAA0F1B6194C1004228C0 /* ParseUI.framework */ = {isa = PBXFileReference; lastKnownFileType = wrapper.framework; path = ParseUI.framework; sourceTree = "<group>"; };
		D35ACF8C1B6288C600C80191 /* SearchViewController.h */ = {isa = PBXFileReference; fileEncoding = 4; lastKnownFileType = sourcecode.c.h; path = SearchViewController.h; sourceTree = "<group>"; };
		D35ACF8D1B6288C600C80191 /* SearchViewController.m */ = {isa = PBXFileReference; fileEncoding = 4; lastKnownFileType = sourcecode.c.objc; path = SearchViewController.m; sourceTree = "<group>"; };
		D35ACF8F1B62917800C80191 /* ReviewsTableViewController.h */ = {isa = PBXFileReference; fileEncoding = 4; lastKnownFileType = sourcecode.c.h; path = ReviewsTableViewController.h; sourceTree = "<group>"; };
		D35ACF901B62917800C80191 /* ReviewsTableViewController.m */ = {isa = PBXFileReference; fileEncoding = 4; lastKnownFileType = sourcecode.c.objc; path = ReviewsTableViewController.m; sourceTree = "<group>"; };
		D35ACF981B62AA0C00C80191 /* ReviewTableViewCell.h */ = {isa = PBXFileReference; fileEncoding = 4; lastKnownFileType = sourcecode.c.h; path = ReviewTableViewCell.h; sourceTree = "<group>"; };
		D35ACF991B62AA0C00C80191 /* ReviewTableViewCell.m */ = {isa = PBXFileReference; fileEncoding = 4; lastKnownFileType = sourcecode.c.objc; path = ReviewTableViewCell.m; sourceTree = "<group>"; };
		D35ACF9A1B62AA0C00C80191 /* ReviewTableViewCell.xib */ = {isa = PBXFileReference; fileEncoding = 4; lastKnownFileType = file.xib; path = ReviewTableViewCell.xib; sourceTree = "<group>"; };
		D35ACF9D1B62CCBA00C80191 /* ComposeViewController.h */ = {isa = PBXFileReference; fileEncoding = 4; lastKnownFileType = sourcecode.c.h; path = ComposeViewController.h; sourceTree = "<group>"; };
		D35ACF9E1B62CCBA00C80191 /* ComposeViewController.m */ = {isa = PBXFileReference; fileEncoding = 4; lastKnownFileType = sourcecode.c.objc; path = ComposeViewController.m; sourceTree = "<group>"; };
		D35ACF9F1B62CCBA00C80191 /* ComposeViewController.xib */ = {isa = PBXFileReference; fileEncoding = 4; lastKnownFileType = file.xib; path = ComposeViewController.xib; sourceTree = "<group>"; };
		D35E232F1B6171AF0068E17C /* Reviews App.app */ = {isa = PBXFileReference; explicitFileType = wrapper.application; includeInIndex = 0; path = "Reviews App.app"; sourceTree = BUILT_PRODUCTS_DIR; };
		D35E23331B6171AF0068E17C /* Info.plist */ = {isa = PBXFileReference; lastKnownFileType = text.plist.xml; path = Info.plist; sourceTree = "<group>"; };
		D35E23341B6171AF0068E17C /* main.m */ = {isa = PBXFileReference; lastKnownFileType = sourcecode.c.objc; path = main.m; sourceTree = "<group>"; };
		D35E23361B6171AF0068E17C /* AppDelegate.h */ = {isa = PBXFileReference; lastKnownFileType = sourcecode.c.h; path = AppDelegate.h; sourceTree = "<group>"; };
		D35E23371B6171AF0068E17C /* AppDelegate.m */ = {isa = PBXFileReference; lastKnownFileType = sourcecode.c.objc; path = AppDelegate.m; sourceTree = "<group>"; };
		D35E233D1B6171AF0068E17C /* Base */ = {isa = PBXFileReference; lastKnownFileType = file.storyboard; name = Base; path = Base.lproj/Main.storyboard; sourceTree = "<group>"; };
		D35E233F1B6171AF0068E17C /* Images.xcassets */ = {isa = PBXFileReference; lastKnownFileType = folder.assetcatalog; path = Images.xcassets; sourceTree = "<group>"; };
		D35E23421B6171AF0068E17C /* Base */ = {isa = PBXFileReference; lastKnownFileType = file.xib; name = Base; path = Base.lproj/LaunchScreen.xib; sourceTree = "<group>"; };
		D35E23481B6171AF0068E17C /* Reviews AppTests.xctest */ = {isa = PBXFileReference; explicitFileType = wrapper.cfbundle; includeInIndex = 0; path = "Reviews AppTests.xctest"; sourceTree = BUILT_PRODUCTS_DIR; };
		D35E234D1B6171AF0068E17C /* Info.plist */ = {isa = PBXFileReference; lastKnownFileType = text.plist.xml; path = Info.plist; sourceTree = "<group>"; };
		D35E234E1B6171AF0068E17C /* Reviews_AppTests.m */ = {isa = PBXFileReference; lastKnownFileType = sourcecode.c.objc; path = Reviews_AppTests.m; sourceTree = "<group>"; };
		D35E23581B617D080068E17C /* LoginViewController.h */ = {isa = PBXFileReference; fileEncoding = 4; lastKnownFileType = sourcecode.c.h; path = LoginViewController.h; sourceTree = "<group>"; };
		D35E23591B617D080068E17C /* LoginViewController.m */ = {isa = PBXFileReference; fileEncoding = 4; lastKnownFileType = sourcecode.c.objc; path = LoginViewController.m; sourceTree = "<group>"; };
		D375513F1B61B03E006F4B5D /* SignupViewController.h */ = {isa = PBXFileReference; fileEncoding = 4; lastKnownFileType = sourcecode.c.h; path = SignupViewController.h; sourceTree = "<group>"; };
		D37551401B61B03E006F4B5D /* SignupViewController.m */ = {isa = PBXFileReference; fileEncoding = 4; lastKnownFileType = sourcecode.c.objc; path = SignupViewController.m; sourceTree = "<group>"; };
		D37551421B61C5A9006F4B5D /* defaultUserImage.png */ = {isa = PBXFileReference; lastKnownFileType = image.png; path = defaultUserImage.png; sourceTree = "<group>"; };
		D37551461B61CDF8006F4B5D /* homePageIcon.png */ = {isa = PBXFileReference; lastKnownFileType = image.png; path = homePageIcon.png; sourceTree = "<group>"; };
		D375514A1B61D231006F4B5D /* settingsLogo.png */ = {isa = PBXFileReference; lastKnownFileType = image.png; path = settingsLogo.png; sourceTree = "<group>"; };
		D375514C1B61D2AF006F4B5D /* HomePageViewController.h */ = {isa = PBXFileReference; fileEncoding = 4; lastKnownFileType = sourcecode.c.h; path = HomePageViewController.h; sourceTree = "<group>"; };
		D375514D1B61D2AF006F4B5D /* HomePageViewController.m */ = {isa = PBXFileReference; fileEncoding = 4; lastKnownFileType = sourcecode.c.objc; path = HomePageViewController.m; sourceTree = "<group>"; };
/* End PBXFileReference section */

/* Begin PBXFrameworksBuildPhase section */
		D35E232C1B6171AF0068E17C /* Frameworks */ = {
			isa = PBXFrameworksBuildPhase;
			buildActionMask = 2147483647;
			files = (
				D34DAA0E1B619411004228C0 /* Social.framework in Frameworks */,
				D34DAA0C1B61940A004228C0 /* Accounts.framework in Frameworks */,
				D34DAA0A1B6192D6004228C0 /* libsqlite3.dylib in Frameworks */,
				D34DAA081B6192C3004228C0 /* libz.dylib in Frameworks */,
				D34DAA061B6192A0004228C0 /* SystemConfiguration.framework in Frameworks */,
				D34DAA041B619295004228C0 /* StoreKit.framework in Frameworks */,
				D34DAA021B619288004228C0 /* Security.framework in Frameworks */,
				D34DAA001B61927D004228C0 /* QuartzCore.framework in Frameworks */,
				D34DA9FE1B619269004228C0 /* CoreLocation.framework in Frameworks */,
				D34DA9FC1B619262004228C0 /* CoreGraphics.framework in Frameworks */,
				D34DA9FA1B619259004228C0 /* CFNetwork.framework in Frameworks */,
				D34DA9F81B619254004228C0 /* AudioToolbox.framework in Frameworks */,
				D34DAA101B6194C1004228C0 /* ParseUI.framework in Frameworks */,
				D34DA9F61B619203004228C0 /* Parse.framework in Frameworks */,
				D34DA9F51B619203004228C0 /* Bolts.framework in Frameworks */,
			);
			runOnlyForDeploymentPostprocessing = 0;
		};
		D35E23451B6171AF0068E17C /* Frameworks */ = {
			isa = PBXFrameworksBuildPhase;
			buildActionMask = 2147483647;
			files = (
			);
			runOnlyForDeploymentPostprocessing = 0;
		};
/* End PBXFrameworksBuildPhase section */

/* Begin PBXGroup section */
		D34DA9F21B6191EA004228C0 /* Frameworks */ = {
			isa = PBXGroup;
			children = (
				D34DAA0F1B6194C1004228C0 /* ParseUI.framework */,
				D34DAA0D1B619411004228C0 /* Social.framework */,
				D34DAA0B1B61940A004228C0 /* Accounts.framework */,
				D34DAA091B6192D6004228C0 /* libsqlite3.dylib */,
				D34DAA071B6192C3004228C0 /* libz.dylib */,
				D34DAA051B6192A0004228C0 /* SystemConfiguration.framework */,
				D34DAA031B619295004228C0 /* StoreKit.framework */,
				D34DAA011B619288004228C0 /* Security.framework */,
				D34DA9FF1B61927D004228C0 /* QuartzCore.framework */,
				D34DA9FD1B619269004228C0 /* CoreLocation.framework */,
				D34DA9FB1B619262004228C0 /* CoreGraphics.framework */,
				D34DA9F91B619259004228C0 /* CFNetwork.framework */,
				D34DA9F71B619254004228C0 /* AudioToolbox.framework */,
				D34DA9F31B619203004228C0 /* Bolts.framework */,
				D34DA9F41B619203004228C0 /* Parse.framework */,
			);
			name = Frameworks;
			sourceTree = "<group>";
		};
		D34DAA111B619695004228C0 /* Assets */ = {
			isa = PBXGroup;
			children = (
				D3416A7C1B684ADC000DA1E2 /* searchLogo.png */,
				D3416A7A1B6849EF000DA1E2 /* reviewsLogo.png */,
				D3416A781B68477D000DA1E2 /* launchScreenImage.png */,
				D3416A761B6827A2000DA1E2 /* cancelLogo.png */,
				D325E8DB1B630F1600B7E76D /* deleteLogo.png */,
				D375514A1B61D231006F4B5D /* settingsLogo.png */,
				D37551421B61C5A9006F4B5D /* defaultUserImage.png */,
				D37551461B61CDF8006F4B5D /* homePageIcon.png */,
				D3416A741B6822C8000DA1E2 /* imageLogo.png */,
			);
			name = Assets;
			sourceTree = "<group>";
		};
		D35ACF921B62966200C80191 /* User Authentication */ = {
			isa = PBXGroup;
			children = (
				D35E23581B617D080068E17C /* LoginViewController.h */,
				D35E23591B617D080068E17C /* LoginViewController.m */,
				D375513F1B61B03E006F4B5D /* SignupViewController.h */,
				D37551401B61B03E006F4B5D /* SignupViewController.m */,
			);
			name = "User Authentication";
			sourceTree = "<group>";
		};
		D35E23261B6171AF0068E17C = {
			isa = PBXGroup;
			children = (
				D34DAA111B619695004228C0 /* Assets */,
				D34DA9F21B6191EA004228C0 /* Frameworks */,
				D35E23311B6171AF0068E17C /* Reviews App */,
				D35E234B1B6171AF0068E17C /* Reviews AppTests */,
				D35E23301B6171AF0068E17C /* Products */,
			);
			sourceTree = "<group>";
		};
		D35E23301B6171AF0068E17C /* Products */ = {
			isa = PBXGroup;
			children = (
				D35E232F1B6171AF0068E17C /* Reviews App.app */,
				D35E23481B6171AF0068E17C /* Reviews AppTests.xctest */,
			);
			name = Products;
			sourceTree = "<group>";
		};
		D35E23311B6171AF0068E17C /* Reviews App */ = {
			isa = PBXGroup;
			children = (
				D35E23361B6171AF0068E17C /* AppDelegate.h */,
				D35E23371B6171AF0068E17C /* AppDelegate.m */,
				D35E233C1B6171AF0068E17C /* Main.storyboard */,
				D35E233F1B6171AF0068E17C /* Images.xcassets */,
				D35E23411B6171AF0068E17C /* LaunchScreen.xib */,
				D35E23321B6171AF0068E17C /* Supporting Files */,
				D35ACF921B62966200C80191 /* User Authentication */,
				D375514C1B61D2AF006F4B5D /* HomePageViewController.h */,
				D375514D1B61D2AF006F4B5D /* HomePageViewController.m */,
				D35ACF8C1B6288C600C80191 /* SearchViewController.h */,
				D35ACF8D1B6288C600C80191 /* SearchViewController.m */,
				D35ACF8F1B62917800C80191 /* ReviewsTableViewController.h */,
				D35ACF901B62917800C80191 /* ReviewsTableViewController.m */,
				D35ACF981B62AA0C00C80191 /* ReviewTableViewCell.h */,
				D35ACF991B62AA0C00C80191 /* ReviewTableViewCell.m */,
				D35ACF9A1B62AA0C00C80191 /* ReviewTableViewCell.xib */,
				D35ACF9D1B62CCBA00C80191 /* ComposeViewController.h */,
				D35ACF9E1B62CCBA00C80191 /* ComposeViewController.m */,
				D35ACF9F1B62CCBA00C80191 /* ComposeViewController.xib */,
				D325E8D61B630C1D00B7E76D /* DetailViewController.h */,
				D325E8D71B630C1D00B7E76D /* DetailViewController.m */,
				D325E8D81B630C1D00B7E76D /* DetailViewController.xib */,
			);
			path = "Reviews App";
			sourceTree = "<group>";
		};
		D35E23321B6171AF0068E17C /* Supporting Files */ = {
			isa = PBXGroup;
			children = (
				D35E23331B6171AF0068E17C /* Info.plist */,
				D35E23341B6171AF0068E17C /* main.m */,
			);
			name = "Supporting Files";
			sourceTree = "<group>";
		};
		D35E234B1B6171AF0068E17C /* Reviews AppTests */ = {
			isa = PBXGroup;
			children = (
				D35E234E1B6171AF0068E17C /* Reviews_AppTests.m */,
				D35E234C1B6171AF0068E17C /* Supporting Files */,
			);
			path = "Reviews AppTests";
			sourceTree = "<group>";
		};
		D35E234C1B6171AF0068E17C /* Supporting Files */ = {
			isa = PBXGroup;
			children = (
				D35E234D1B6171AF0068E17C /* Info.plist */,
			);
			name = "Supporting Files";
			sourceTree = "<group>";
		};
/* End PBXGroup section */

/* Begin PBXNativeTarget section */
		D35E232E1B6171AF0068E17C /* Reviews App */ = {
			isa = PBXNativeTarget;
			buildConfigurationList = D35E23521B6171AF0068E17C /* Build configuration list for PBXNativeTarget "Reviews App" */;
			buildPhases = (
				D35E232B1B6171AF0068E17C /* Sources */,
				D35E232C1B6171AF0068E17C /* Frameworks */,
				D35E232D1B6171AF0068E17C /* Resources */,
			);
			buildRules = (
			);
			dependencies = (
			);
			name = "Reviews App";
			productName = "Reviews App";
			productReference = D35E232F1B6171AF0068E17C /* Reviews App.app */;
			productType = "com.apple.product-type.application";
		};
		D35E23471B6171AF0068E17C /* Reviews AppTests */ = {
			isa = PBXNativeTarget;
			buildConfigurationList = D35E23551B6171AF0068E17C /* Build configuration list for PBXNativeTarget "Reviews AppTests" */;
			buildPhases = (
				D35E23441B6171AF0068E17C /* Sources */,
				D35E23451B6171AF0068E17C /* Frameworks */,
				D35E23461B6171AF0068E17C /* Resources */,
			);
			buildRules = (
			);
			dependencies = (
				D35E234A1B6171AF0068E17C /* PBXTargetDependency */,
			);
			name = "Reviews AppTests";
			productName = "Reviews AppTests";
			productReference = D35E23481B6171AF0068E17C /* Reviews AppTests.xctest */;
			productType = "com.apple.product-type.bundle.unit-test";
		};
/* End PBXNativeTarget section */

/* Begin PBXProject section */
		D35E23271B6171AF0068E17C /* Project object */ = {
			isa = PBXProject;
			attributes = {
				LastUpgradeCheck = 0640;
				ORGANIZATIONNAME = cs2680;
				TargetAttributes = {
					D35E232E1B6171AF0068E17C = {
						CreatedOnToolsVersion = 6.4;
					};
					D35E23471B6171AF0068E17C = {
						CreatedOnToolsVersion = 6.4;
						TestTargetID = D35E232E1B6171AF0068E17C;
					};
				};
			};
			buildConfigurationList = D35E232A1B6171AF0068E17C /* Build configuration list for PBXProject "Reviews App" */;
			compatibilityVersion = "Xcode 3.2";
			developmentRegion = English;
			hasScannedForEncodings = 0;
			knownRegions = (
				en,
				Base,
			);
			mainGroup = D35E23261B6171AF0068E17C;
			productRefGroup = D35E23301B6171AF0068E17C /* Products */;
			projectDirPath = "";
			projectRoot = "";
			targets = (
				D35E232E1B6171AF0068E17C /* Reviews App */,
				D35E23471B6171AF0068E17C /* Reviews AppTests */,
			);
		};
/* End PBXProject section */

/* Begin PBXResourcesBuildPhase section */
		D35E232D1B6171AF0068E17C /* Resources */ = {
			isa = PBXResourcesBuildPhase;
			buildActionMask = 2147483647;
			files = (
				D3416A7D1B684ADC000DA1E2 /* searchLogo.png in Resources */,
				D35ACF9C1B62AA0C00C80191 /* ReviewTableViewCell.xib in Resources */,
				D35E233E1B6171AF0068E17C /* Main.storyboard in Resources */,
				D35ACFA11B62CCBA00C80191 /* ComposeViewController.xib in Resources */,
				D325E8DA1B630C1D00B7E76D /* DetailViewController.xib in Resources */,
				D37551471B61CDF8006F4B5D /* homePageIcon.png in Resources */,
				D325E8DC1B630F1600B7E76D /* deleteLogo.png in Resources */,
				D3416A7B1B6849EF000DA1E2 /* reviewsLogo.png in Resources */,
				D35E23431B6171AF0068E17C /* LaunchScreen.xib in Resources */,
				D3416A751B6822C8000DA1E2 /* imageLogo.png in Resources */,
				D375514B1B61D231006F4B5D /* settingsLogo.png in Resources */,
				D37551431B61C5A9006F4B5D /* defaultUserImage.png in Resources */,
				D3416A771B6827A2000DA1E2 /* cancelLogo.png in Resources */,
				D35E23401B6171AF0068E17C /* Images.xcassets in Resources */,
				D3416A791B68477D000DA1E2 /* launchScreenImage.png in Resources */,
			);
			runOnlyForDeploymentPostprocessing = 0;
		};
		D35E23461B6171AF0068E17C /* Resources */ = {
			isa = PBXResourcesBuildPhase;
			buildActionMask = 2147483647;
			files = (
			);
			runOnlyForDeploymentPostprocessing = 0;
		};
/* End PBXResourcesBuildPhase section */

/* Begin PBXSourcesBuildPhase section */
		D35E232B1B6171AF0068E17C /* Sources */ = {
			isa = PBXSourcesBuildPhase;
			buildActionMask = 2147483647;
			files = (
				D35E23381B6171AF0068E17C /* AppDelegate.m in Sources */,
				D35E23351B6171AF0068E17C /* main.m in Sources */,
				D375514E1B61D2AF006F4B5D /* HomePageViewController.m in Sources */,
				D35ACFA01B62CCBA00C80191 /* ComposeViewController.m in Sources */,
				D37551411B61B03E006F4B5D /* SignupViewController.m in Sources */,
				D325E8D91B630C1D00B7E76D /* DetailViewController.m in Sources */,
				D35ACF8E1B6288C600C80191 /* SearchViewController.m in Sources */,
				D35ACF9B1B62AA0C00C80191 /* ReviewTableViewCell.m in Sources */,
				D35ACF911B62917800C80191 /* ReviewsTableViewController.m in Sources */,
				D35E235A1B617D080068E17C /* LoginViewController.m in Sources */,
			);
			runOnlyForDeploymentPostprocessing = 0;
		};
		D35E23441B6171AF0068E17C /* Sources */ = {
			isa = PBXSourcesBuildPhase;
			buildActionMask = 2147483647;
			files = (
				D35E234F1B6171AF0068E17C /* Reviews_AppTests.m in Sources */,
			);
			runOnlyForDeploymentPostprocessing = 0;
		};
/* End PBXSourcesBuildPhase section */

/* Begin PBXTargetDependency section */
		D35E234A1B6171AF0068E17C /* PBXTargetDependency */ = {
			isa = PBXTargetDependency;
			target = D35E232E1B6171AF0068E17C /* Reviews App */;
			targetProxy = D35E23491B6171AF0068E17C /* PBXContainerItemProxy */;
		};
/* End PBXTargetDependency section */

/* Begin PBXVariantGroup section */
		D35E233C1B6171AF0068E17C /* Main.storyboard */ = {
			isa = PBXVariantGroup;
			children = (
				D35E233D1B6171AF0068E17C /* Base */,
			);
			name = Main.storyboard;
			sourceTree = "<group>";
		};
		D35E23411B6171AF0068E17C /* LaunchScreen.xib */ = {
			isa = PBXVariantGroup;
			children = (
				D35E23421B6171AF0068E17C /* Base */,
			);
			name = LaunchScreen.xib;
			sourceTree = "<group>";
		};
/* End PBXVariantGroup section */

/* Begin XCBuildConfiguration section */
		D35E23501B6171AF0068E17C /* Debug */ = {
			isa = XCBuildConfiguration;
			buildSettings = {
				ALWAYS_SEARCH_USER_PATHS = NO;
				CLANG_CXX_LANGUAGE_STANDARD = "gnu++0x";
				CLANG_CXX_LIBRARY = "libc++";
				CLANG_ENABLE_MODULES = YES;
				CLANG_ENABLE_OBJC_ARC = YES;
				CLANG_WARN_BOOL_CONVERSION = YES;
				CLANG_WARN_CONSTANT_CONVERSION = YES;
				CLANG_WARN_DIRECT_OBJC_ISA_USAGE = YES_ERROR;
				CLANG_WARN_EMPTY_BODY = YES;
				CLANG_WARN_ENUM_CONVERSION = YES;
				CLANG_WARN_INT_CONVERSION = YES;
				CLANG_WARN_OBJC_ROOT_CLASS = YES_ERROR;
				CLANG_WARN_UNREACHABLE_CODE = YES;
				CLANG_WARN__DUPLICATE_METHOD_MATCH = YES;
				"CODE_SIGN_IDENTITY[sdk=iphoneos*]" = "iPhone Developer";
				COPY_PHASE_STRIP = NO;
				DEBUG_INFORMATION_FORMAT = "dwarf-with-dsym";
				ENABLE_STRICT_OBJC_MSGSEND = YES;
				GCC_C_LANGUAGE_STANDARD = gnu99;
				GCC_DYNAMIC_NO_PIC = NO;
				GCC_NO_COMMON_BLOCKS = YES;
				GCC_OPTIMIZATION_LEVEL = 0;
				GCC_PREPROCESSOR_DEFINITIONS = (
					"DEBUG=1",
					"$(inherited)",
				);
				GCC_SYMBOLS_PRIVATE_EXTERN = NO;
				GCC_WARN_64_TO_32_BIT_CONVERSION = YES;
				GCC_WARN_ABOUT_RETURN_TYPE = YES_ERROR;
				GCC_WARN_UNDECLARED_SELECTOR = YES;
				GCC_WARN_UNINITIALIZED_AUTOS = YES_AGGRESSIVE;
				GCC_WARN_UNUSED_FUNCTION = YES;
				GCC_WARN_UNUSED_VARIABLE = YES;
				IPHONEOS_DEPLOYMENT_TARGET = 8.4;
				MTL_ENABLE_DEBUG_INFO = YES;
				ONLY_ACTIVE_ARCH = YES;
				SDKROOT = iphoneos;
			};
			name = Debug;
		};
		D35E23511B6171AF0068E17C /* Release */ = {
			isa = XCBuildConfiguration;
			buildSettings = {
				ALWAYS_SEARCH_USER_PATHS = NO;
				CLANG_CXX_LANGUAGE_STANDARD = "gnu++0x";
				CLANG_CXX_LIBRARY = "libc++";
				CLANG_ENABLE_MODULES = YES;
				CLANG_ENABLE_OBJC_ARC = YES;
				CLANG_WARN_BOOL_CONVERSION = YES;
				CLANG_WARN_CONSTANT_CONVERSION = YES;
				CLANG_WARN_DIRECT_OBJC_ISA_USAGE = YES_ERROR;
				CLANG_WARN_EMPTY_BODY = YES;
				CLANG_WARN_ENUM_CONVERSION = YES;
				CLANG_WARN_INT_CONVERSION = YES;
				CLANG_WARN_OBJC_ROOT_CLASS = YES_ERROR;
				CLANG_WARN_UNREACHABLE_CODE = YES;
				CLANG_WARN__DUPLICATE_METHOD_MATCH = YES;
				"CODE_SIGN_IDENTITY[sdk=iphoneos*]" = "iPhone Developer";
				COPY_PHASE_STRIP = NO;
				DEBUG_INFORMATION_FORMAT = "dwarf-with-dsym";
				ENABLE_NS_ASSERTIONS = NO;
				ENABLE_STRICT_OBJC_MSGSEND = YES;
				GCC_C_LANGUAGE_STANDARD = gnu99;
				GCC_NO_COMMON_BLOCKS = YES;
				GCC_WARN_64_TO_32_BIT_CONVERSION = YES;
				GCC_WARN_ABOUT_RETURN_TYPE = YES_ERROR;
				GCC_WARN_UNDECLARED_SELECTOR = YES;
				GCC_WARN_UNINITIALIZED_AUTOS = YES_AGGRESSIVE;
				GCC_WARN_UNUSED_FUNCTION = YES;
				GCC_WARN_UNUSED_VARIABLE = YES;
				IPHONEOS_DEPLOYMENT_TARGET = 8.4;
				MTL_ENABLE_DEBUG_INFO = NO;
				SDKROOT = iphoneos;
				VALIDATE_PRODUCT = YES;
			};
			name = Release;
		};
		D35E23531B6171AF0068E17C /* Debug */ = {
			isa = XCBuildConfiguration;
			buildSettings = {
				ASSETCATALOG_COMPILER_APPICON_NAME = AppIcon;
				FRAMEWORK_SEARCH_PATHS = (
					"$(inherited)",
					"$(PROJECT_DIR)",
				);
				INFOPLIST_FILE = "Reviews App/Info.plist";
				LD_RUNPATH_SEARCH_PATHS = "$(inherited) @executable_path/Frameworks";
				PRODUCT_NAME = "$(TARGET_NAME)";
			};
			name = Debug;
		};
		D35E23541B6171AF0068E17C /* Release */ = {
			isa = XCBuildConfiguration;
			buildSettings = {
				ASSETCATALOG_COMPILER_APPICON_NAME = AppIcon;
				FRAMEWORK_SEARCH_PATHS = (
					"$(inherited)",
					"$(PROJECT_DIR)",
				);
				INFOPLIST_FILE = "Reviews App/Info.plist";
				LD_RUNPATH_SEARCH_PATHS = "$(inherited) @executable_path/Frameworks";
				PRODUCT_NAME = "$(TARGET_NAME)";
			};
			name = Release;
		};
		D35E23561B6171AF0068E17C /* Debug */ = {
			isa = XCBuildConfiguration;
			buildSettings = {
				BUNDLE_LOADER = "$(TEST_HOST)";
				FRAMEWORK_SEARCH_PATHS = (
					"$(SDKROOT)/Developer/Library/Frameworks",
					"$(inherited)",
				);
				GCC_PREPROCESSOR_DEFINITIONS = (
					"DEBUG=1",
					"$(inherited)",
				);
				INFOPLIST_FILE = "Reviews AppTests/Info.plist";
				LD_RUNPATH_SEARCH_PATHS = "$(inherited) @executable_path/Frameworks @loader_path/Frameworks";
				PRODUCT_NAME = "$(TARGET_NAME)";
				TEST_HOST = "$(BUILT_PRODUCTS_DIR)/Reviews App.app/Reviews App";
			};
			name = Debug;
		};
		D35E23571B6171AF0068E17C /* Release */ = {
			isa = XCBuildConfiguration;
			buildSettings = {
				BUNDLE_LOADER = "$(TEST_HOST)";
				FRAMEWORK_SEARCH_PATHS = (
					"$(SDKROOT)/Developer/Library/Frameworks",
					"$(inherited)",
				);
				INFOPLIST_FILE = "Reviews AppTests/Info.plist";
				LD_RUNPATH_SEARCH_PATHS = "$(inherited) @executable_path/Frameworks @loader_path/Frameworks";
				PRODUCT_NAME = "$(TARGET_NAME)";
				TEST_HOST = "$(BUILT_PRODUCTS_DIR)/Reviews App.app/Reviews App";
			};
			name = Release;
		};
/* End XCBuildConfiguration section */

/* Begin XCConfigurationList section */
		D35E232A1B6171AF0068E17C /* Build configuration list for PBXProject "Reviews App" */ = {
			isa = XCConfigurationList;
			buildConfigurations = (
				D35E23501B6171AF0068E17C /* Debug */,
				D35E23511B6171AF0068E17C /* Release */,
			);
			defaultConfigurationIsVisible = 0;
			defaultConfigurationName = Release;
		};
		D35E23521B6171AF0068E17C /* Build configuration list for PBXNativeTarget "Reviews App" */ = {
			isa = XCConfigurationList;
			buildConfigurations = (
				D35E23531B6171AF0068E17C /* Debug */,
				D35E23541B6171AF0068E17C /* Release */,
			);
			defaultConfigurationIsVisible = 0;
			defaultConfigurationName = Release;
		};
		D35E23551B6171AF0068E17C /* Build configuration list for PBXNativeTarget "Reviews AppTests" */ = {
			isa = XCConfigurationList;
			buildConfigurations = (
				D35E23561B6171AF0068E17C /* Debug */,
				D35E23571B6171AF0068E17C /* Release */,
			);
			defaultConfigurationIsVisible = 0;
			defaultConfigurationName = Release;
		};
/* End XCConfigurationList section */
	};
	rootObject = D35E23271B6171AF0068E17C /* Project object */;
}
